// !$*UTF8*$!
{
	archiveVersion = 1;
	classes = {
	};
	objectVersion = 50;
	objects = {

/* Begin PBXBuildFile section */
		1A7A90EE2163078000E4EE80 /* main.cpp in Sources */ = {isa = PBXBuildFile; fileRef = 1A7A90ED2163078000E4EE80 /* main.cpp */; };
		1A7A91052163099D00E4EE80 /* libopencv_calib3d.3.4.3.dylib in Frameworks */ = {isa = PBXBuildFile; fileRef = 1A7A90F42163099C00E4EE80 /* libopencv_calib3d.3.4.3.dylib */; };
		1A7A91062163099D00E4EE80 /* libopencv_flann.3.4.3.dylib in Frameworks */ = {isa = PBXBuildFile; fileRef = 1A7A90F52163099C00E4EE80 /* libopencv_flann.3.4.3.dylib */; };
		1A7A91072163099D00E4EE80 /* libopencv_ml.3.4.3.dylib in Frameworks */ = {isa = PBXBuildFile; fileRef = 1A7A90F62163099C00E4EE80 /* libopencv_ml.3.4.3.dylib */; };
		1A7A91082163099D00E4EE80 /* libopencv_shape.3.4.3.dylib in Frameworks */ = {isa = PBXBuildFile; fileRef = 1A7A90F72163099C00E4EE80 /* libopencv_shape.3.4.3.dylib */; };
		1A7A91092163099D00E4EE80 /* libopencv_videoio.3.4.3.dylib in Frameworks */ = {isa = PBXBuildFile; fileRef = 1A7A90F82163099C00E4EE80 /* libopencv_videoio.3.4.3.dylib */; };
		1A7A910A2163099D00E4EE80 /* libopencv_objdetect.3.4.3.dylib in Frameworks */ = {isa = PBXBuildFile; fileRef = 1A7A90F92163099C00E4EE80 /* libopencv_objdetect.3.4.3.dylib */; };
		1A7A910B2163099D00E4EE80 /* libopencv_videostab.3.4.3.dylib in Frameworks */ = {isa = PBXBuildFile; fileRef = 1A7A90FA2163099C00E4EE80 /* libopencv_videostab.3.4.3.dylib */; };
		1A7A910C2163099D00E4EE80 /* libopencv_highgui.3.4.3.dylib in Frameworks */ = {isa = PBXBuildFile; fileRef = 1A7A90FB2163099C00E4EE80 /* libopencv_highgui.3.4.3.dylib */; };
		1A7A910D2163099D00E4EE80 /* libopencv_features2d.3.4.3.dylib in Frameworks */ = {isa = PBXBuildFile; fileRef = 1A7A90FC2163099C00E4EE80 /* libopencv_features2d.3.4.3.dylib */; };
		1A7A910E2163099D00E4EE80 /* libopencv_video.3.4.3.dylib in Frameworks */ = {isa = PBXBuildFile; fileRef = 1A7A90FD2163099D00E4EE80 /* libopencv_video.3.4.3.dylib */; };
		1A7A910F2163099D00E4EE80 /* libopencv_photo.3.4.3.dylib in Frameworks */ = {isa = PBXBuildFile; fileRef = 1A7A90FE2163099D00E4EE80 /* libopencv_photo.3.4.3.dylib */; };
		1A7A91102163099D00E4EE80 /* libopencv_dnn.3.4.3.dylib in Frameworks */ = {isa = PBXBuildFile; fileRef = 1A7A90FF2163099D00E4EE80 /* libopencv_dnn.3.4.3.dylib */; };
		1A7A91112163099D00E4EE80 /* libopencv_core.3.4.3.dylib in Frameworks */ = {isa = PBXBuildFile; fileRef = 1A7A91002163099D00E4EE80 /* libopencv_core.3.4.3.dylib */; };
		1A7A91122163099D00E4EE80 /* libopencv_imgproc.3.4.3.dylib in Frameworks */ = {isa = PBXBuildFile; fileRef = 1A7A91012163099D00E4EE80 /* libopencv_imgproc.3.4.3.dylib */; };
		1A7A91132163099D00E4EE80 /* libopencv_stitching.3.4.3.dylib in Frameworks */ = {isa = PBXBuildFile; fileRef = 1A7A91022163099D00E4EE80 /* libopencv_stitching.3.4.3.dylib */; };
		1A7A91142163099D00E4EE80 /* libopencv_superres.3.4.3.dylib in Frameworks */ = {isa = PBXBuildFile; fileRef = 1A7A91032163099D00E4EE80 /* libopencv_superres.3.4.3.dylib */; };
		1A7A91152163099D00E4EE80 /* libopencv_imgcodecs.3.4.3.dylib in Frameworks */ = {isa = PBXBuildFile; fileRef = 1A7A91042163099D00E4EE80 /* libopencv_imgcodecs.3.4.3.dylib */; };
/* End PBXBuildFile section */

/* Begin PBXCopyFilesBuildPhase section */
		1A7A90E82163078000E4EE80 /* CopyFiles */ = {
			isa = PBXCopyFilesBuildPhase;
			buildActionMask = 2147483647;
			dstPath = /usr/share/man/man1/;
			dstSubfolderSpec = 0;
			files = (
			);
			runOnlyForDeploymentPostprocessing = 1;
		};
/* End PBXCopyFilesBuildPhase section */

/* Begin PBXFileReference section */
		1A7A90EA2163078000E4EE80 /* Object Tracking 2 */ = {isa = PBXFileReference; explicitFileType = "compiled.mach-o.executable"; includeInIndex = 0; path = "Object Tracking 2"; sourceTree = BUILT_PRODUCTS_DIR; };
		1A7A90ED2163078000E4EE80 /* main.cpp */ = {isa = PBXFileReference; lastKnownFileType = sourcecode.cpp.cpp; path = main.cpp; sourceTree = "<group>"; };
		1A7A90F42163099C00E4EE80 /* libopencv_calib3d.3.4.3.dylib */ = {isa = PBXFileReference; lastKnownFileType = "compiled.mach-o.dylib"; path = libopencv_calib3d.3.4.3.dylib; sourceTree = "<group>"; };
		1A7A90F52163099C00E4EE80 /* libopencv_flann.3.4.3.dylib */ = {isa = PBXFileReference; lastKnownFileType = "compiled.mach-o.dylib"; path = libopencv_flann.3.4.3.dylib; sourceTree = "<group>"; };
		1A7A90F62163099C00E4EE80 /* libopencv_ml.3.4.3.dylib */ = {isa = PBXFileReference; lastKnownFileType = "compiled.mach-o.dylib"; path = libopencv_ml.3.4.3.dylib; sourceTree = "<group>"; };
		1A7A90F72163099C00E4EE80 /* libopencv_shape.3.4.3.dylib */ = {isa = PBXFileReference; lastKnownFileType = "compiled.mach-o.dylib"; path = libopencv_shape.3.4.3.dylib; sourceTree = "<group>"; };
		1A7A90F82163099C00E4EE80 /* libopencv_videoio.3.4.3.dylib */ = {isa = PBXFileReference; lastKnownFileType = "compiled.mach-o.dylib"; path = libopencv_videoio.3.4.3.dylib; sourceTree = "<group>"; };
		1A7A90F92163099C00E4EE80 /* libopencv_objdetect.3.4.3.dylib */ = {isa = PBXFileReference; lastKnownFileType = "compiled.mach-o.dylib"; path = libopencv_objdetect.3.4.3.dylib; sourceTree = "<group>"; };
		1A7A90FA2163099C00E4EE80 /* libopencv_videostab.3.4.3.dylib */ = {isa = PBXFileReference; lastKnownFileType = "compiled.mach-o.dylib"; path = libopencv_videostab.3.4.3.dylib; sourceTree = "<group>"; };
		1A7A90FB2163099C00E4EE80 /* libopencv_highgui.3.4.3.dylib */ = {isa = PBXFileReference; lastKnownFileType = "compiled.mach-o.dylib"; path = libopencv_highgui.3.4.3.dylib; sourceTree = "<group>"; };
		1A7A90FC2163099C00E4EE80 /* libopencv_features2d.3.4.3.dylib */ = {isa = PBXFileReference; lastKnownFileType = "compiled.mach-o.dylib"; path = libopencv_features2d.3.4.3.dylib; sourceTree = "<group>"; };
		1A7A90FD2163099D00E4EE80 /* libopencv_video.3.4.3.dylib */ = {isa = PBXFileReference; lastKnownFileType = "compiled.mach-o.dylib"; path = libopencv_video.3.4.3.dylib; sourceTree = "<group>"; };
		1A7A90FE2163099D00E4EE80 /* libopencv_photo.3.4.3.dylib */ = {isa = PBXFileReference; lastKnownFileType = "compiled.mach-o.dylib"; path = libopencv_photo.3.4.3.dylib; sourceTree = "<group>"; };
		1A7A90FF2163099D00E4EE80 /* libopencv_dnn.3.4.3.dylib */ = {isa = PBXFileReference; lastKnownFileType = "compiled.mach-o.dylib"; path = libopencv_dnn.3.4.3.dylib; sourceTree = "<group>"; };
		1A7A91002163099D00E4EE80 /* libopencv_core.3.4.3.dylib */ = {isa = PBXFileReference; lastKnownFileType = "compiled.mach-o.dylib"; path = libopencv_core.3.4.3.dylib; sourceTree = "<group>"; };
		1A7A91012163099D00E4EE80 /* libopencv_imgproc.3.4.3.dylib */ = {isa = PBXFileReference; lastKnownFileType = "compiled.mach-o.dylib"; path = libopencv_imgproc.3.4.3.dylib; sourceTree = "<group>"; };
		1A7A91022163099D00E4EE80 /* libopencv_stitching.3.4.3.dylib */ = {isa = PBXFileReference; lastKnownFileType = "compiled.mach-o.dylib"; path = libopencv_stitching.3.4.3.dylib; sourceTree = "<group>"; };
		1A7A91032163099D00E4EE80 /* libopencv_superres.3.4.3.dylib */ = {isa = PBXFileReference; lastKnownFileType = "compiled.mach-o.dylib"; path = libopencv_superres.3.4.3.dylib; sourceTree = "<group>"; };
		1A7A91042163099D00E4EE80 /* libopencv_imgcodecs.3.4.3.dylib */ = {isa = PBXFileReference; lastKnownFileType = "compiled.mach-o.dylib"; path = libopencv_imgcodecs.3.4.3.dylib; sourceTree = "<group>"; };
/* End PBXFileReference section */

/* Begin PBXFrameworksBuildPhase section */
		1A7A90E72163078000E4EE80 /* Frameworks */ = {
			isa = PBXFrameworksBuildPhase;
			buildActionMask = 2147483647;
			files = (
				1A7A91152163099D00E4EE80 /* libopencv_imgcodecs.3.4.3.dylib in Frameworks */,
				1A7A910F2163099D00E4EE80 /* libopencv_photo.3.4.3.dylib in Frameworks */,
				1A7A910D2163099D00E4EE80 /* libopencv_features2d.3.4.3.dylib in Frameworks */,
				1A7A91052163099D00E4EE80 /* libopencv_calib3d.3.4.3.dylib in Frameworks */,
				1A7A910C2163099D00E4EE80 /* libopencv_highgui.3.4.3.dylib in Frameworks */,
				1A7A910B2163099D00E4EE80 /* libopencv_videostab.3.4.3.dylib in Frameworks */,
				1A7A91072163099D00E4EE80 /* libopencv_ml.3.4.3.dylib in Frameworks */,
				1A7A910A2163099D00E4EE80 /* libopencv_objdetect.3.4.3.dylib in Frameworks */,
				1A7A91062163099D00E4EE80 /* libopencv_flann.3.4.3.dylib in Frameworks */,
				1A7A91102163099D00E4EE80 /* libopencv_dnn.3.4.3.dylib in Frameworks */,
				1A7A91112163099D00E4EE80 /* libopencv_core.3.4.3.dylib in Frameworks */,
				1A7A91132163099D00E4EE80 /* libopencv_stitching.3.4.3.dylib in Frameworks */,
				1A7A910E2163099D00E4EE80 /* libopencv_video.3.4.3.dylib in Frameworks */,
				1A7A91092163099D00E4EE80 /* libopencv_videoio.3.4.3.dylib in Frameworks */,
				1A7A91082163099D00E4EE80 /* libopencv_shape.3.4.3.dylib in Frameworks */,
				1A7A91142163099D00E4EE80 /* libopencv_superres.3.4.3.dylib in Frameworks */,
				1A7A91122163099D00E4EE80 /* libopencv_imgproc.3.4.3.dylib in Frameworks */,
			);
			runOnlyForDeploymentPostprocessing = 0;
		};
/* End PBXFrameworksBuildPhase section */

/* Begin PBXGroup section */
		1A7A90E12163078000E4EE80 = {
			isa = PBXGroup;
			children = (
				1A7A90F42163099C00E4EE80 /* libopencv_calib3d.3.4.3.dylib */,
				1A7A91002163099D00E4EE80 /* libopencv_core.3.4.3.dylib */,
				1A7A90FF2163099D00E4EE80 /* libopencv_dnn.3.4.3.dylib */,
				1A7A90FC2163099C00E4EE80 /* libopencv_features2d.3.4.3.dylib */,
				1A7A90F52163099C00E4EE80 /* libopencv_flann.3.4.3.dylib */,
				1A7A90FB2163099C00E4EE80 /* libopencv_highgui.3.4.3.dylib */,
				1A7A91042163099D00E4EE80 /* libopencv_imgcodecs.3.4.3.dylib */,
				1A7A91012163099D00E4EE80 /* libopencv_imgproc.3.4.3.dylib */,
				1A7A90F62163099C00E4EE80 /* libopencv_ml.3.4.3.dylib */,
				1A7A90F92163099C00E4EE80 /* libopencv_objdetect.3.4.3.dylib */,
				1A7A90FE2163099D00E4EE80 /* libopencv_photo.3.4.3.dylib */,
				1A7A90F72163099C00E4EE80 /* libopencv_shape.3.4.3.dylib */,
				1A7A91022163099D00E4EE80 /* libopencv_stitching.3.4.3.dylib */,
				1A7A91032163099D00E4EE80 /* libopencv_superres.3.4.3.dylib */,
				1A7A90FD2163099D00E4EE80 /* libopencv_video.3.4.3.dylib */,
				1A7A90F82163099C00E4EE80 /* libopencv_videoio.3.4.3.dylib */,
				1A7A90FA2163099C00E4EE80 /* libopencv_videostab.3.4.3.dylib */,
				1A7A90EC2163078000E4EE80 /* Object Tracking 2 */,
				1A7A90EB2163078000E4EE80 /* Products */,
			);
			sourceTree = "<group>";
		};
		1A7A90EB2163078000E4EE80 /* Products */ = {
			isa = PBXGroup;
			children = (
				1A7A90EA2163078000E4EE80 /* Object Tracking 2 */,
			);
			name = Products;
			sourceTree = "<group>";
		};
		1A7A90EC2163078000E4EE80 /* Object Tracking 2 */ = {
			isa = PBXGroup;
			children = (
				1A7A90ED2163078000E4EE80 /* main.cpp */,
			);
			path = "Object Tracking 2";
			sourceTree = "<group>";
		};
/* End PBXGroup section */

/* Begin PBXNativeTarget section */
		1A7A90E92163078000E4EE80 /* Object Tracking 2 */ = {
			isa = PBXNativeTarget;
			buildConfigurationList = 1A7A90F12163078000E4EE80 /* Build configuration list for PBXNativeTarget "Object Tracking 2" */;
			buildPhases = (
				1A7A90E62163078000E4EE80 /* Sources */,
				1A7A90E72163078000E4EE80 /* Frameworks */,
				1A7A90E82163078000E4EE80 /* CopyFiles */,
			);
			buildRules = (
			);
			dependencies = (
			);
			name = "Object Tracking 2";
			productName = "Object Tracking 2";
			productReference = 1A7A90EA2163078000E4EE80 /* Object Tracking 2 */;
			productType = "com.apple.product-type.tool";
		};
/* End PBXNativeTarget section */

/* Begin PBXProject section */
		1A7A90E22163078000E4EE80 /* Project object */ = {
			isa = PBXProject;
			attributes = {
				LastUpgradeCheck = 1000;
				ORGANIZATIONNAME = "Harrison Walls";
				TargetAttributes = {
					1A7A90E92163078000E4EE80 = {
						CreatedOnToolsVersion = 10.0;
					};
				};
			};
			buildConfigurationList = 1A7A90E52163078000E4EE80 /* Build configuration list for PBXProject "Object Tracking 2" */;
			compatibilityVersion = "Xcode 9.3";
			developmentRegion = en;
			hasScannedForEncodings = 0;
			knownRegions = (
				en,
			);
			mainGroup = 1A7A90E12163078000E4EE80;
			productRefGroup = 1A7A90EB2163078000E4EE80 /* Products */;
			projectDirPath = "";
			projectRoot = "";
			targets = (
				1A7A90E92163078000E4EE80 /* Object Tracking 2 */,
			);
		};
/* End PBXProject section */

/* Begin PBXSourcesBuildPhase section */
		1A7A90E62163078000E4EE80 /* Sources */ = {
			isa = PBXSourcesBuildPhase;
			buildActionMask = 2147483647;
			files = (
				1A7A90EE2163078000E4EE80 /* main.cpp in Sources */,
			);
			runOnlyForDeploymentPostprocessing = 0;
		};
/* End PBXSourcesBuildPhase section */

/* Begin XCBuildConfiguration section */
		1A7A90EF2163078000E4EE80 /* Debug */ = {
			isa = XCBuildConfiguration;
			buildSettings = {
				ALWAYS_SEARCH_USER_PATHS = NO;
				CLANG_ANALYZER_NONNULL = YES;
				CLANG_ANALYZER_NUMBER_OBJECT_CONVERSION = YES_AGGRESSIVE;
				CLANG_CXX_LANGUAGE_STANDARD = "gnu++14";
				CLANG_CXX_LIBRARY = "libc++";
				CLANG_ENABLE_MODULES = YES;
				CLANG_ENABLE_OBJC_ARC = YES;
				CLANG_ENABLE_OBJC_WEAK = YES;
				CLANG_WARN_BLOCK_CAPTURE_AUTORELEASING = YES;
				CLANG_WARN_BOOL_CONVERSION = YES;
				CLANG_WARN_COMMA = YES;
				CLANG_WARN_CONSTANT_CONVERSION = YES;
				CLANG_WARN_DEPRECATED_OBJC_IMPLEMENTATIONS = YES;
				CLANG_WARN_DIRECT_OBJC_ISA_USAGE = YES_ERROR;
				CLANG_WARN_DOCUMENTATION_COMMENTS = YES;
				CLANG_WARN_EMPTY_BODY = YES;
				CLANG_WARN_ENUM_CONVERSION = YES;
				CLANG_WARN_INFINITE_RECURSION = YES;
				CLANG_WARN_INT_CONVERSION = YES;
				CLANG_WARN_NON_LITERAL_NULL_CONVERSION = YES;
				CLANG_WARN_OBJC_IMPLICIT_RETAIN_SELF = YES;
				CLANG_WARN_OBJC_LITERAL_CONVERSION = YES;
				CLANG_WARN_OBJC_ROOT_CLASS = YES_ERROR;
				CLANG_WARN_RANGE_LOOP_ANALYSIS = YES;
				CLANG_WARN_STRICT_PROTOTYPES = YES;
				CLANG_WARN_SUSPICIOUS_MOVE = YES;
				CLANG_WARN_UNGUARDED_AVAILABILITY = YES_AGGRESSIVE;
				CLANG_WARN_UNREACHABLE_CODE = YES;
				CLANG_WARN__DUPLICATE_METHOD_MATCH = YES;
				CODE_SIGN_IDENTITY = "-";
				COPY_PHASE_STRIP = NO;
				DEBUG_INFORMATION_FORMAT = dwarf;
				ENABLE_STRICT_OBJC_MSGSEND = YES;
				ENABLE_TESTABILITY = YES;
				GCC_C_LANGUAGE_STANDARD = gnu11;
				GCC_DYNAMIC_NO_PIC = NO;
				GCC_NO_COMMON_BLOCKS = YES;
				GCC_OPTIMIZATION_LEVEL = 0;
				GCC_PREPROCESSOR_DEFINITIONS = (
					"DEBUG=1",
					"$(inherited)",
				);
				GCC_WARN_64_TO_32_BIT_CONVERSION = YES;
				GCC_WARN_ABOUT_RETURN_TYPE = YES_ERROR;
				GCC_WARN_UNDECLARED_SELECTOR = YES;
				GCC_WARN_UNINITIALIZED_AUTOS = YES_AGGRESSIVE;
				GCC_WARN_UNUSED_FUNCTION = YES;
				GCC_WARN_UNUSED_VARIABLE = YES;
				MACOSX_DEPLOYMENT_TARGET = 10.13;
				MTL_ENABLE_DEBUG_INFO = INCLUDE_SOURCE;
				MTL_FAST_MATH = YES;
				ONLY_ACTIVE_ARCH = YES;
				SDKROOT = macosx;
			};
			name = Debug;
		};
		1A7A90F02163078000E4EE80 /* Release */ = {
			isa = XCBuildConfiguration;
			buildSettings = {
				ALWAYS_SEARCH_USER_PATHS = NO;
				CLANG_ANALYZER_NONNULL = YES;
				CLANG_ANALYZER_NUMBER_OBJECT_CONVERSION = YES_AGGRESSIVE;
				CLANG_CXX_LANGUAGE_STANDARD = "gnu++14";
				CLANG_CXX_LIBRARY = "libc++";
				CLANG_ENABLE_MODULES = YES;
				CLANG_ENABLE_OBJC_ARC = YES;
				CLANG_ENABLE_OBJC_WEAK = YES;
				CLANG_WARN_BLOCK_CAPTURE_AUTORELEASING = YES;
				CLANG_WARN_BOOL_CONVERSION = YES;
				CLANG_WARN_COMMA = YES;
				CLANG_WARN_CONSTANT_CONVERSION = YES;
				CLANG_WARN_DEPRECATED_OBJC_IMPLEMENTATIONS = YES;
				CLANG_WARN_DIRECT_OBJC_ISA_USAGE = YES_ERROR;
				CLANG_WARN_DOCUMENTATION_COMMENTS = YES;
				CLANG_WARN_EMPTY_BODY = YES;
				CLANG_WARN_ENUM_CONVERSION = YES;
				CLANG_WARN_INFINITE_RECURSION = YES;
				CLANG_WARN_INT_CONVERSION = YES;
				CLANG_WARN_NON_LITERAL_NULL_CONVERSION = YES;
				CLANG_WARN_OBJC_IMPLICIT_RETAIN_SELF = YES;
				CLANG_WARN_OBJC_LITERAL_CONVERSION = YES;
				CLANG_WARN_OBJC_ROOT_CLASS = YES_ERROR;
				CLANG_WARN_RANGE_LOOP_ANALYSIS = YES;
				CLANG_WARN_STRICT_PROTOTYPES = YES;
				CLANG_WARN_SUSPICIOUS_MOVE = YES;
				CLANG_WARN_UNGUARDED_AVAILABILITY = YES_AGGRESSIVE;
				CLANG_WARN_UNREACHABLE_CODE = YES;
				CLANG_WARN__DUPLICATE_METHOD_MATCH = YES;
				CODE_SIGN_IDENTITY = "-";
				COPY_PHASE_STRIP = NO;
				DEBUG_INFORMATION_FORMAT = "dwarf-with-dsym";
				ENABLE_NS_ASSERTIONS = NO;
				ENABLE_STRICT_OBJC_MSGSEND = YES;
				GCC_C_LANGUAGE_STANDARD = gnu11;
				GCC_NO_COMMON_BLOCKS = YES;
				GCC_WARN_64_TO_32_BIT_CONVERSION = YES;
				GCC_WARN_ABOUT_RETURN_TYPE = YES_ERROR;
				GCC_WARN_UNDECLARED_SELECTOR = YES;
				GCC_WARN_UNINITIALIZED_AUTOS = YES_AGGRESSIVE;
				GCC_WARN_UNUSED_FUNCTION = YES;
				GCC_WARN_UNUSED_VARIABLE = YES;
				MACOSX_DEPLOYMENT_TARGET = 10.13;
				MTL_ENABLE_DEBUG_INFO = NO;
				MTL_FAST_MATH = YES;
				SDKROOT = macosx;
			};
			name = Release;
		};
		1A7A90F22163078000E4EE80 /* Debug */ = {
			isa = XCBuildConfiguration;
			buildSettings = {
				CODE_SIGN_STYLE = Automatic;
				HEADER_SEARCH_PATHS = /usr/local/include;
				LIBRARY_SEARCH_PATHS = (
					"$(inherited)",
					"$(PROJECT_DIR)",
				);
				PRODUCT_NAME = "$(TARGET_NAME)";
			};
			name = Debug;
		};
		1A7A90F32163078000E4EE80 /* Release */ = {
			isa = XCBuildConfiguration;
			buildSettings = {
				CODE_SIGN_STYLE = Automatic;
				HEADER_SEARCH_PATHS = /usr/local/include;
				LIBRARY_SEARCH_PATHS = (
					"$(inherited)",
					"$(PROJECT_DIR)",
				);
				PRODUCT_NAME = "$(TARGET_NAME)";
			};
			name = Release;
		};
/* End XCBuildConfiguration section */

/* Begin XCConfigurationList section */
		1A7A90E52163078000E4EE80 /* Build configuration list for PBXProject "Object Tracking 2" */ = {
			isa = XCConfigurationList;
			buildConfigurations = (
				1A7A90EF2163078000E4EE80 /* Debug */,
				1A7A90F02163078000E4EE80 /* Release */,
			);
			defaultConfigurationIsVisible = 0;
			defaultConfigurationName = Release;
		};
		1A7A90F12163078000E4EE80 /* Build configuration list for PBXNativeTarget "Object Tracking 2" */ = {
			isa = XCConfigurationList;
			buildConfigurations = (
				1A7A90F22163078000E4EE80 /* Debug */,
				1A7A90F32163078000E4EE80 /* Release */,
			);
			defaultConfigurationIsVisible = 0;
			defaultConfigurationName = Release;
		};
/* End XCConfigurationList section */
	};
	rootObject = 1A7A90E22163078000E4EE80 /* Project object */;
}
